
Microsoft Visual Studio Solution File, Format Version 12.00
# Visual Studio Version 17
VisualStudioVersion = 17.2.32519.379
MinimumVisualStudioVersion = 10.0.40219.1
Project("{9A19103F-16F7-4668-BE54-9A1E7A4F7556}") = "TvojFilm", "TvojFilm.csproj", "{34AC4C59-7BBC-48B0-A026-C9A80A2AFD45}"
EndProject
Project("{9A19103F-16F7-4668-BE54-9A1E7A4F7556}") = "TvojFilm.Services", "..\TvojFilm.Services\TvojFilm.Services.csproj", "{E93EB87B-36AA-40AB-9D00-F0117F140B0D}"
EndProject
Project("{9A19103F-16F7-4668-BE54-9A1E7A4F7556}") = "TvojFilm.Model", "..\TvojFilm.Model\TvojFilm.Model.csproj", "{592F242A-5067-4142-BB78-595CA8D68676}"
EndProject
Project("{9A19103F-16F7-4668-BE54-9A1E7A4F7556}") = "TvojFilm.WinUI", "..\TvojFilm.WinUI\TvojFilm.WinUI.csproj", "{05AAF5F3-0019-4AB7-8927-262E25333E94}"
EndProject
Global
	GlobalSection(SolutionConfigurationPlatforms) = preSolution
		Debug|Any CPU = Debug|Any CPU
		Release|Any CPU = Release|Any CPU
	EndGlobalSection
	GlobalSection(ProjectConfigurationPlatforms) = postSolution
		{34AC4C59-7BBC-48B0-A026-C9A80A2AFD45}.Debug|Any CPU.ActiveCfg = Debug|Any CPU
		{34AC4C59-7BBC-48B0-A026-C9A80A2AFD45}.Debug|Any CPU.Build.0 = Debug|Any CPU
		{34AC4C59-7BBC-48B0-A026-C9A80A2AFD45}.Release|Any CPU.ActiveCfg = Release|Any CPU
		{34AC4C59-7BBC-48B0-A026-C9A80A2AFD45}.Release|Any CPU.Build.0 = Release|Any CPU
		{E93EB87B-36AA-40AB-9D00-F0117F140B0D}.Debug|Any CPU.ActiveCfg = Debug|Any CPU
		{E93EB87B-36AA-40AB-9D00-F0117F140B0D}.Debug|Any CPU.Build.0 = Debug|Any CPU
		{E93EB87B-36AA-40AB-9D00-F0117F140B0D}.Release|Any CPU.ActiveCfg = Release|Any CPU
		{E93EB87B-36AA-40AB-9D00-F0117F140B0D}.Release|Any CPU.Build.0 = Release|Any CPU
		{592F242A-5067-4142-BB78-595CA8D68676}.Debug|Any CPU.ActiveCfg = Debug|Any CPU
		{592F242A-5067-4142-BB78-595CA8D68676}.Debug|Any CPU.Build.0 = Debug|Any CPU
		{592F242A-5067-4142-BB78-595CA8D68676}.Release|Any CPU.ActiveCfg = Release|Any CPU
		{592F242A-5067-4142-BB78-595CA8D68676}.Release|Any CPU.Build.0 = Release|Any CPU
		{05AAF5F3-0019-4AB7-8927-262E25333E94}.Debug|Any CPU.ActiveCfg = Debug|Any CPU
		{05AAF5F3-0019-4AB7-8927-262E25333E94}.Debug|Any CPU.Build.0 = Debug|Any CPU
		{05AAF5F3-0019-4AB7-8927-262E25333E94}.Release|Any CPU.ActiveCfg = Release|Any CPU
		{05AAF5F3-0019-4AB7-8927-262E25333E94}.Release|Any CPU.Build.0 = Release|Any CPU
	EndGlobalSection
	GlobalSection(SolutionProperties) = preSolution
		HideSolutionNode = FALSE
	EndGlobalSection
	GlobalSection(ExtensibilityGlobals) = postSolution
		SolutionGuid = {6D1368B9-F8CB-40FE-A61D-1FFCF51AA4F7}
	EndGlobalSection
EndGlobal
